
Microsoft Visual Studio Solution File, Format Version 12.00
Project("{FAE04EC0-301F-11D3-BF4B-00C04F79EFBC}") = "Linq2ObjectBenchmark", "Linq2ObjectBenchmark\Linq2ObjectBenchmark.csproj", "{AB09E15E-1E91-4631-8244-9FD038916C5A}"
EndProject
Global
	GlobalSection(SolutionConfigurationPlatforms) = preSolution
		Debug|Any CPU = Debug|Any CPU
		Release|Any CPU = Release|Any CPU
	EndGlobalSection
	GlobalSection(ProjectConfigurationPlatforms) = postSolution
		{AB09E15E-1E91-4631-8244-9FD038916C5A}.Debug|Any CPU.ActiveCfg = Debug|Any CPU
		{AB09E15E-1E91-4631-8244-9FD038916C5A}.Debug|Any CPU.Build.0 = Debug|Any CPU
		{AB09E15E-1E91-4631-8244-9FD038916C5A}.Release|Any CPU.ActiveCfg = Release|Any CPU
		{AB09E15E-1E91-4631-8244-9FD038916C5A}.Release|Any CPU.Build.0 = Release|Any CPU
	EndGlobalSection
EndGlobal
